
Microsoft Visual Studio Solution File, Format Version 12.00
# Visual Studio Version 16
VisualStudioVersion = 16.0.31005.135
MinimumVisualStudioVersion = 10.0.40219.1
Project("{9A19103F-16F7-4668-BE54-9A1E7A4F7556}") = "Library.WebAPI", "Library.WebAPI\Library.WebAPI.csproj", "{8D258CCA-9201-4766-8FE0-BB19DC2FD96E}"
EndProject
Project("{9A19103F-16F7-4668-BE54-9A1E7A4F7556}") = "Library.Model", "Library.Model\Library.Model.csproj", "{D8894A68-CDDB-481E-8659-B144CE3EFCF0}"
EndProject
Global
	GlobalSection(SolutionConfigurationPlatforms) = preSolution
		Debug|Any CPU = Debug|Any CPU
		Release|Any CPU = Release|Any CPU
	EndGlobalSection
	GlobalSection(ProjectConfigurationPlatforms) = postSolution
		{8D258CCA-9201-4766-8FE0-BB19DC2FD96E}.Debug|Any CPU.ActiveCfg = Debug|Any CPU
		{8D258CCA-9201-4766-8FE0-BB19DC2FD96E}.Debug|Any CPU.Build.0 = Debug|Any CPU
		{8D258CCA-9201-4766-8FE0-BB19DC2FD96E}.Release|Any CPU.ActiveCfg = Release|Any CPU
		{8D258CCA-9201-4766-8FE0-BB19DC2FD96E}.Release|Any CPU.Build.0 = Release|Any CPU
		{D8894A68-CDDB-481E-8659-B144CE3EFCF0}.Debug|Any CPU.ActiveCfg = Debug|Any CPU
		{D8894A68-CDDB-481E-8659-B144CE3EFCF0}.Debug|Any CPU.Build.0 = Debug|Any CPU
		{D8894A68-CDDB-481E-8659-B144CE3EFCF0}.Release|Any CPU.ActiveCfg = Release|Any CPU
		{D8894A68-CDDB-481E-8659-B144CE3EFCF0}.Release|Any CPU.Build.0 = Release|Any CPU
	EndGlobalSection
	GlobalSection(SolutionProperties) = preSolution
		HideSolutionNode = FALSE
	EndGlobalSection
	GlobalSection(ExtensibilityGlobals) = postSolution
		SolutionGuid = {D0287150-BC3D-4B7C-92B6-8C765355AD2C}
	EndGlobalSection
EndGlobal
